// !$*UTF8*$!
{
	archiveVersion = 1;
	classes = {
	};
	objectVersion = 46;
	objects = {

/* Begin PBXBuildFile section */
		C60E059C1B4ED1D800D27C26 /* AppDelegate.m in Sources */ = {isa = PBXBuildFile; fileRef = C60E059B1B4ED1D800D27C26 /* AppDelegate.m */; };
		C60E059E1B4ED1D800D27C26 /* main.m in Sources */ = {isa = PBXBuildFile; fileRef = C60E059D1B4ED1D800D27C26 /* main.m */; };
		C60E05A01B4ED1D800D27C26 /* Images.xcassets in Resources */ = {isa = PBXBuildFile; fileRef = C60E059F1B4ED1D800D27C26 /* Images.xcassets */; };
		C60E05A31B4ED1D800D27C26 /* MainMenu.xib in Resources */ = {isa = PBXBuildFile; fileRef = C60E05A11B4ED1D800D27C26 /* MainMenu.xib */; };
		C60E05AF1B4ED1D800D27C26 /* ChromeCookieCleanerTests.m in Sources */ = {isa = PBXBuildFile; fileRef = C60E05AE1B4ED1D800D27C26 /* ChromeCookieCleanerTests.m */; };
		C60E05BC1B4ED36C00D27C26 /* sqlite3.c in Sources */ = {isa = PBXBuildFile; fileRef = C60E05BB1B4ED36C00D27C26 /* sqlite3.c */; settings = {COMPILER_FLAGS = "-Xanalyzer -analyzer-disable-all-checks -w -fno-objc-arc -std=c99"; }; };
		C60E05C91B4ED3B200D27C26 /* FMResultSet.m in Sources */ = {isa = PBXBuildFile; fileRef = C60E05BE1B4ED3B100D27C26 /* FMResultSet.m */; };
		C60E05CA1B4ED3B200D27C26 /* FMDatabaseQueue.m in Sources */ = {isa = PBXBuildFile; fileRef = C60E05C11B4ED3B100D27C26 /* FMDatabaseQueue.m */; };
		C60E05CB1B4ED3B200D27C26 /* FMDatabasePool.m in Sources */ = {isa = PBXBuildFile; fileRef = C60E05C31B4ED3B200D27C26 /* FMDatabasePool.m */; };
		C60E05CC1B4ED3B200D27C26 /* FMDatabaseAdditions.m in Sources */ = {isa = PBXBuildFile; fileRef = C60E05C51B4ED3B200D27C26 /* FMDatabaseAdditions.m */; };
		C60E05CD1B4ED3B200D27C26 /* FMDatabase.m in Sources */ = {isa = PBXBuildFile; fileRef = C60E05C71B4ED3B200D27C26 /* FMDatabase.m */; };
/* End PBXBuildFile section */

/* Begin PBXContainerItemProxy section */
		C60E05A91B4ED1D800D27C26 /* PBXContainerItemProxy */ = {
			isa = PBXContainerItemProxy;
			containerPortal = C60E058D1B4ED1D800D27C26 /* Project object */;
			proxyType = 1;
			remoteGlobalIDString = C60E05941B4ED1D800D27C26;
			remoteInfo = ChromeCookieCleaner;
		};
/* End PBXContainerItemProxy section */

/* Begin PBXFileReference section */
		C60E05951B4ED1D800D27C26 /* ChromeCookieCleaner.app */ = {isa = PBXFileReference; explicitFileType = wrapper.application; includeInIndex = 0; path = ChromeCookieCleaner.app; sourceTree = BUILT_PRODUCTS_DIR; };
		C60E05991B4ED1D800D27C26 /* Info.plist */ = {isa = PBXFileReference; lastKnownFileType = text.plist.xml; path = Info.plist; sourceTree = "<group>"; };
		C60E059A1B4ED1D800D27C26 /* AppDelegate.h */ = {isa = PBXFileReference; lastKnownFileType = sourcecode.c.h; path = AppDelegate.h; sourceTree = "<group>"; };
		C60E059B1B4ED1D800D27C26 /* AppDelegate.m */ = {isa = PBXFileReference; lastKnownFileType = sourcecode.c.objc; path = AppDelegate.m; sourceTree = "<group>"; };
		C60E059D1B4ED1D800D27C26 /* main.m */ = {isa = PBXFileReference; lastKnownFileType = sourcecode.c.objc; path = main.m; sourceTree = "<group>"; };
		C60E059F1B4ED1D800D27C26 /* Images.xcassets */ = {isa = PBXFileReference; lastKnownFileType = folder.assetcatalog; path = Images.xcassets; sourceTree = "<group>"; };
		C60E05A81B4ED1D800D27C26 /* ChromeCookieCleanerTests.xctest */ = {isa = PBXFileReference; explicitFileType = wrapper.cfbundle; includeInIndex = 0; path = ChromeCookieCleanerTests.xctest; sourceTree = BUILT_PRODUCTS_DIR; };
		C60E05AD1B4ED1D800D27C26 /* Info.plist */ = {isa = PBXFileReference; lastKnownFileType = text.plist.xml; path = Info.plist; sourceTree = "<group>"; };
		C60E05AE1B4ED1D800D27C26 /* ChromeCookieCleanerTests.m */ = {isa = PBXFileReference; lastKnownFileType = sourcecode.c.objc; path = ChromeCookieCleanerTests.m; sourceTree = "<group>"; };
		C60E05BA1B4ED36C00D27C26 /* sqlite3.h */ = {isa = PBXFileReference; fileEncoding = 4; lastKnownFileType = sourcecode.c.h; name = sqlite3.h; path = External/SQLite3/sqlite3.h; sourceTree = SOURCE_ROOT; };
		C60E05BB1B4ED36C00D27C26 /* sqlite3.c */ = {isa = PBXFileReference; fileEncoding = 4; lastKnownFileType = sourcecode.c.c; name = sqlite3.c; path = External/SQLite3/sqlite3.c; sourceTree = SOURCE_ROOT; };
		C60E05BE1B4ED3B100D27C26 /* FMResultSet.m */ = {isa = PBXFileReference; fileEncoding = 4; lastKnownFileType = sourcecode.c.objc; name = FMResultSet.m; path = External/FMDB/src/fmdb/FMResultSet.m; sourceTree = SOURCE_ROOT; };
		C60E05BF1B4ED3B100D27C26 /* FMResultSet.h */ = {isa = PBXFileReference; fileEncoding = 4; lastKnownFileType = sourcecode.c.h; name = FMResultSet.h; path = External/FMDB/src/fmdb/FMResultSet.h; sourceTree = SOURCE_ROOT; };
		C60E05C01B4ED3B100D27C26 /* FMDB.h */ = {isa = PBXFileReference; fileEncoding = 4; lastKnownFileType = sourcecode.c.h; name = FMDB.h; path = External/FMDB/src/fmdb/FMDB.h; sourceTree = SOURCE_ROOT; };
		C60E05C11B4ED3B100D27C26 /* FMDatabaseQueue.m */ = {isa = PBXFileReference; fileEncoding = 4; lastKnownFileType = sourcecode.c.objc; name = FMDatabaseQueue.m; path = External/FMDB/src/fmdb/FMDatabaseQueue.m; sourceTree = SOURCE_ROOT; };
		C60E05C21B4ED3B200D27C26 /* FMDatabaseQueue.h */ = {isa = PBXFileReference; fileEncoding = 4; lastKnownFileType = sourcecode.c.h; name = FMDatabaseQueue.h; path = External/FMDB/src/fmdb/FMDatabaseQueue.h; sourceTree = SOURCE_ROOT; };
		C60E05C31B4ED3B200D27C26 /* FMDatabasePool.m */ = {isa = PBXFileReference; fileEncoding = 4; lastKnownFileType = sourcecode.c.objc; name = FMDatabasePool.m; path = External/FMDB/src/fmdb/FMDatabasePool.m; sourceTree = SOURCE_ROOT; };
		C60E05C41B4ED3B200D27C26 /* FMDatabasePool.h */ = {isa = PBXFileReference; fileEncoding = 4; lastKnownFileType = sourcecode.c.h; name = FMDatabasePool.h; path = External/FMDB/src/fmdb/FMDatabasePool.h; sourceTree = SOURCE_ROOT; };
		C60E05C51B4ED3B200D27C26 /* FMDatabaseAdditions.m */ = {isa = PBXFileReference; fileEncoding = 4; lastKnownFileType = sourcecode.c.objc; name = FMDatabaseAdditions.m; path = External/FMDB/src/fmdb/FMDatabaseAdditions.m; sourceTree = SOURCE_ROOT; };
		C60E05C61B4ED3B200D27C26 /* FMDatabaseAdditions.h */ = {isa = PBXFileReference; fileEncoding = 4; lastKnownFileType = sourcecode.c.h; name = FMDatabaseAdditions.h; path = External/FMDB/src/fmdb/FMDatabaseAdditions.h; sourceTree = SOURCE_ROOT; };
		C60E05C71B4ED3B200D27C26 /* FMDatabase.m */ = {isa = PBXFileReference; fileEncoding = 4; lastKnownFileType = sourcecode.c.objc; name = FMDatabase.m; path = External/FMDB/src/fmdb/FMDatabase.m; sourceTree = SOURCE_ROOT; };
		C60E05C81B4ED3B200D27C26 /* FMDatabase.h */ = {isa = PBXFileReference; fileEncoding = 4; lastKnownFileType = sourcecode.c.h; name = FMDatabase.h; path = External/FMDB/src/fmdb/FMDatabase.h; sourceTree = SOURCE_ROOT; };
		C68191081B4ED4D3007AC894 /* en */ = {isa = PBXFileReference; lastKnownFileType = file.xib; name = en; path = en.lproj/MainMenu.xib; sourceTree = "<group>"; };
/* End PBXFileReference section */

/* Begin PBXFrameworksBuildPhase section */
		C60E05921B4ED1D800D27C26 /* Frameworks */ = {
			isa = PBXFrameworksBuildPhase;
			buildActionMask = 2147483647;
			files = (
			);
			runOnlyForDeploymentPostprocessing = 0;
		};
		C60E05A51B4ED1D800D27C26 /* Frameworks */ = {
			isa = PBXFrameworksBuildPhase;
			buildActionMask = 2147483647;
			files = (
			);
			runOnlyForDeploymentPostprocessing = 0;
		};
/* End PBXFrameworksBuildPhase section */

/* Begin PBXGroup section */
		C60E058C1B4ED1D800D27C26 = {
			isa = PBXGroup;
			children = (
				C60E05971B4ED1D800D27C26 /* ChromeCookieCleaner */,
				C60E05AB1B4ED1D800D27C26 /* ChromeCookieCleanerTests */,
				C60E05961B4ED1D800D27C26 /* Products */,
			);
			sourceTree = "<group>";
		};
		C60E05961B4ED1D800D27C26 /* Products */ = {
			isa = PBXGroup;
			children = (
				C60E05951B4ED1D800D27C26 /* ChromeCookieCleaner.app */,
				C60E05A81B4ED1D800D27C26 /* ChromeCookieCleanerTests.xctest */,
			);
			name = Products;
			sourceTree = "<group>";
		};
		C60E05971B4ED1D800D27C26 /* ChromeCookieCleaner */ = {
			isa = PBXGroup;
			children = (
				C60E05B81B4ED2FF00D27C26 /* Application */,
				C60E05981B4ED1D800D27C26 /* Supporting Files */,
				C60E05B91B4ED30900D27C26 /* SQLite3 */,
				C60E05BD1B4ED39200D27C26 /* FMDB */,
			);
			path = ChromeCookieCleaner;
			sourceTree = "<group>";
		};
		C60E05981B4ED1D800D27C26 /* Supporting Files */ = {
			isa = PBXGroup;
			children = (
				C60E05991B4ED1D800D27C26 /* Info.plist */,
				C60E059D1B4ED1D800D27C26 /* main.m */,
			);
			name = "Supporting Files";
			sourceTree = "<group>";
		};
		C60E05AB1B4ED1D800D27C26 /* ChromeCookieCleanerTests */ = {
			isa = PBXGroup;
			children = (
				C60E05AE1B4ED1D800D27C26 /* ChromeCookieCleanerTests.m */,
				C60E05AC1B4ED1D800D27C26 /* Supporting Files */,
			);
			path = ChromeCookieCleanerTests;
			sourceTree = "<group>";
		};
		C60E05AC1B4ED1D800D27C26 /* Supporting Files */ = {
			isa = PBXGroup;
			children = (
				C60E05AD1B4ED1D800D27C26 /* Info.plist */,
			);
			name = "Supporting Files";
			sourceTree = "<group>";
		};
		C60E05B81B4ED2FF00D27C26 /* Application */ = {
			isa = PBXGroup;
			children = (
				C60E059A1B4ED1D800D27C26 /* AppDelegate.h */,
				C60E059B1B4ED1D800D27C26 /* AppDelegate.m */,
				C60E059F1B4ED1D800D27C26 /* Images.xcassets */,
				C60E05A11B4ED1D800D27C26 /* MainMenu.xib */,
			);
			name = Application;
			sourceTree = "<group>";
		};
		C60E05B91B4ED30900D27C26 /* SQLite3 */ = {
			isa = PBXGroup;
			children = (
				C60E05BA1B4ED36C00D27C26 /* sqlite3.h */,
				C60E05BB1B4ED36C00D27C26 /* sqlite3.c */,
			);
			name = SQLite3;
			sourceTree = "<group>";
		};
		C60E05BD1B4ED39200D27C26 /* FMDB */ = {
			isa = PBXGroup;
			children = (
				C60E05C01B4ED3B100D27C26 /* FMDB.h */,
				C60E05C81B4ED3B200D27C26 /* FMDatabase.h */,
				C60E05C71B4ED3B200D27C26 /* FMDatabase.m */,
				C60E05BF1B4ED3B100D27C26 /* FMResultSet.h */,
				C60E05BE1B4ED3B100D27C26 /* FMResultSet.m */,
				C60E05C21B4ED3B200D27C26 /* FMDatabaseQueue.h */,
				C60E05C11B4ED3B100D27C26 /* FMDatabaseQueue.m */,
				C60E05C41B4ED3B200D27C26 /* FMDatabasePool.h */,
				C60E05C31B4ED3B200D27C26 /* FMDatabasePool.m */,
				C60E05C61B4ED3B200D27C26 /* FMDatabaseAdditions.h */,
				C60E05C51B4ED3B200D27C26 /* FMDatabaseAdditions.m */,
			);
			name = FMDB;
			sourceTree = "<group>";
		};
/* End PBXGroup section */

/* Begin PBXNativeTarget section */
		C60E05941B4ED1D800D27C26 /* ChromeCookieCleaner */ = {
			isa = PBXNativeTarget;
			buildConfigurationList = C60E05B21B4ED1D800D27C26 /* Build configuration list for PBXNativeTarget "ChromeCookieCleaner" */;
			buildPhases = (
				C60E05911B4ED1D800D27C26 /* Sources */,
				C60E05921B4ED1D800D27C26 /* Frameworks */,
				C60E05931B4ED1D800D27C26 /* Resources */,
			);
			buildRules = (
			);
			dependencies = (
			);
			name = ChromeCookieCleaner;
			productName = ChromeCookieCleaner;
			productReference = C60E05951B4ED1D800D27C26 /* ChromeCookieCleaner.app */;
			productType = "com.apple.product-type.application";
		};
		C60E05A71B4ED1D800D27C26 /* ChromeCookieCleanerTests */ = {
			isa = PBXNativeTarget;
			buildConfigurationList = C60E05B51B4ED1D800D27C26 /* Build configuration list for PBXNativeTarget "ChromeCookieCleanerTests" */;
			buildPhases = (
				C60E05A41B4ED1D800D27C26 /* Sources */,
				C60E05A51B4ED1D800D27C26 /* Frameworks */,
				C60E05A61B4ED1D800D27C26 /* Resources */,
			);
			buildRules = (
			);
			dependencies = (
				C60E05AA1B4ED1D800D27C26 /* PBXTargetDependency */,
			);
			name = ChromeCookieCleanerTests;
			productName = ChromeCookieCleanerTests;
			productReference = C60E05A81B4ED1D800D27C26 /* ChromeCookieCleanerTests.xctest */;
			productType = "com.apple.product-type.bundle.unit-test";
		};
/* End PBXNativeTarget section */

/* Begin PBXProject section */
		C60E058D1B4ED1D800D27C26 /* Project object */ = {
			isa = PBXProject;
			attributes = {
				LastUpgradeCheck = 0640;
				ORGANIZATIONNAME = "Instrumentality of Mankind";
				TargetAttributes = {
					C60E05941B4ED1D800D27C26 = {
						CreatedOnToolsVersion = 6.4;
					};
					C60E05A71B4ED1D800D27C26 = {
						CreatedOnToolsVersion = 6.4;
						TestTargetID = C60E05941B4ED1D800D27C26;
					};
				};
			};
			buildConfigurationList = C60E05901B4ED1D800D27C26 /* Build configuration list for PBXProject "ChromeCookieCleaner" */;
			compatibilityVersion = "Xcode 3.2";
			developmentRegion = English;
			hasScannedForEncodings = 0;
			knownRegions = (
				en,
				Base,
			);
			mainGroup = C60E058C1B4ED1D800D27C26;
			productRefGroup = C60E05961B4ED1D800D27C26 /* Products */;
			projectDirPath = "";
			projectRoot = "";
			targets = (
				C60E05941B4ED1D800D27C26 /* ChromeCookieCleaner */,
				C60E05A71B4ED1D800D27C26 /* ChromeCookieCleanerTests */,
			);
		};
/* End PBXProject section */

/* Begin PBXResourcesBuildPhase section */
		C60E05931B4ED1D800D27C26 /* Resources */ = {
			isa = PBXResourcesBuildPhase;
			buildActionMask = 2147483647;
			files = (
				C60E05A01B4ED1D800D27C26 /* Images.xcassets in Resources */,
				C60E05A31B4ED1D800D27C26 /* MainMenu.xib in Resources */,
			);
			runOnlyForDeploymentPostprocessing = 0;
		};
		C60E05A61B4ED1D800D27C26 /* Resources */ = {
			isa = PBXResourcesBuildPhase;
			buildActionMask = 2147483647;
			files = (
			);
			runOnlyForDeploymentPostprocessing = 0;
		};
/* End PBXResourcesBuildPhase section */

/* Begin PBXSourcesBuildPhase section */
		C60E05911B4ED1D800D27C26 /* Sources */ = {
			isa = PBXSourcesBuildPhase;
			buildActionMask = 2147483647;
			files = (
				C60E05CA1B4ED3B200D27C26 /* FMDatabaseQueue.m in Sources */,
				C60E05CB1B4ED3B200D27C26 /* FMDatabasePool.m in Sources */,
				C60E059E1B4ED1D800D27C26 /* main.m in Sources */,
				C60E05BC1B4ED36C00D27C26 /* sqlite3.c in Sources */,
				C60E05C91B4ED3B200D27C26 /* FMResultSet.m in Sources */,
				C60E05CC1B4ED3B200D27C26 /* FMDatabaseAdditions.m in Sources */,
				C60E059C1B4ED1D800D27C26 /* AppDelegate.m in Sources */,
				C60E05CD1B4ED3B200D27C26 /* FMDatabase.m in Sources */,
			);
			runOnlyForDeploymentPostprocessing = 0;
		};
		C60E05A41B4ED1D800D27C26 /* Sources */ = {
			isa = PBXSourcesBuildPhase;
			buildActionMask = 2147483647;
			files = (
				C60E05AF1B4ED1D800D27C26 /* ChromeCookieCleanerTests.m in Sources */,
			);
			runOnlyForDeploymentPostprocessing = 0;
		};
/* End PBXSourcesBuildPhase section */

/* Begin PBXTargetDependency section */
		C60E05AA1B4ED1D800D27C26 /* PBXTargetDependency */ = {
			isa = PBXTargetDependency;
			target = C60E05941B4ED1D800D27C26 /* ChromeCookieCleaner */;
			targetProxy = C60E05A91B4ED1D800D27C26 /* PBXContainerItemProxy */;
		};
/* End PBXTargetDependency section */

/* Begin PBXVariantGroup section */
		C60E05A11B4ED1D800D27C26 /* MainMenu.xib */ = {
			isa = PBXVariantGroup;
			children = (
				C68191081B4ED4D3007AC894 /* en */,
			);
			name = MainMenu.xib;
			sourceTree = "<group>";
		};
/* End PBXVariantGroup section */

/* Begin XCBuildConfiguration section */
		C60E05B01B4ED1D800D27C26 /* Debug */ = {
			isa = XCBuildConfiguration;
			buildSettings = {
				ALWAYS_SEARCH_USER_PATHS = NO;
				CLANG_CXX_LANGUAGE_STANDARD = "gnu++0x";
				CLANG_CXX_LIBRARY = "libc++";
				CLANG_ENABLE_MODULES = YES;
				CLANG_ENABLE_OBJC_ARC = YES;
				CLANG_WARN_BOOL_CONVERSION = YES;
				CLANG_WARN_CONSTANT_CONVERSION = YES;
				CLANG_WARN_DIRECT_OBJC_ISA_USAGE = YES_ERROR;
				CLANG_WARN_EMPTY_BODY = YES;
				CLANG_WARN_ENUM_CONVERSION = YES;
				CLANG_WARN_INT_CONVERSION = YES;
				CLANG_WARN_OBJC_ROOT_CLASS = YES_ERROR;
				CLANG_WARN_UNREACHABLE_CODE = YES;
				CLANG_WARN__DUPLICATE_METHOD_MATCH = YES;
				CODE_SIGN_IDENTITY = "-";
				COPY_PHASE_STRIP = NO;
				DEBUG_INFORMATION_FORMAT = dwarf;
				ENABLE_STRICT_OBJC_MSGSEND = YES;
				GCC_C_LANGUAGE_STANDARD = gnu99;
				GCC_DYNAMIC_NO_PIC = NO;
				GCC_NO_COMMON_BLOCKS = YES;
				GCC_OPTIMIZATION_LEVEL = 0;
				GCC_PREPROCESSOR_DEFINITIONS = (
					"DEBUG=1",
					"$(inherited)",
				);
				GCC_SYMBOLS_PRIVATE_EXTERN = NO;
				GCC_WARN_64_TO_32_BIT_CONVERSION = YES;
				GCC_WARN_ABOUT_RETURN_TYPE = YES_ERROR;
				GCC_WARN_UNDECLARED_SELECTOR = YES;
				GCC_WARN_UNINITIALIZED_AUTOS = YES_AGGRESSIVE;
				GCC_WARN_UNUSED_FUNCTION = YES;
				GCC_WARN_UNUSED_VARIABLE = YES;
				MACOSX_DEPLOYMENT_TARGET = 10.10;
				MTL_ENABLE_DEBUG_INFO = YES;
				ONLY_ACTIVE_ARCH = YES;
				SDKROOT = macosx;
			};
			name = Debug;
		};
		C60E05B11B4ED1D800D27C26 /* Release */ = {
			isa = XCBuildConfiguration;
			buildSettings = {
				ALWAYS_SEARCH_USER_PATHS = NO;
				CLANG_CXX_LANGUAGE_STANDARD = "gnu++0x";
				CLANG_CXX_LIBRARY = "libc++";
				CLANG_ENABLE_MODULES = YES;
				CLANG_ENABLE_OBJC_ARC = YES;
				CLANG_WARN_BOOL_CONVERSION = YES;
				CLANG_WARN_CONSTANT_CONVERSION = YES;
				CLANG_WARN_DIRECT_OBJC_ISA_USAGE = YES_ERROR;
				CLANG_WARN_EMPTY_BODY = YES;
				CLANG_WARN_ENUM_CONVERSION = YES;
				CLANG_WARN_INT_CONVERSION = YES;
				CLANG_WARN_OBJC_ROOT_CLASS = YES_ERROR;
				CLANG_WARN_UNREACHABLE_CODE = YES;
				CLANG_WARN__DUPLICATE_METHOD_MATCH = YES;
				CODE_SIGN_IDENTITY = "-";
				COPY_PHASE_STRIP = NO;
				DEBUG_INFORMATION_FORMAT = "dwarf-with-dsym";
				ENABLE_NS_ASSERTIONS = NO;
				ENABLE_STRICT_OBJC_MSGSEND = YES;
				GCC_C_LANGUAGE_STANDARD = gnu99;
				GCC_NO_COMMON_BLOCKS = YES;
				GCC_WARN_64_TO_32_BIT_CONVERSION = YES;
				GCC_WARN_ABOUT_RETURN_TYPE = YES_ERROR;
				GCC_WARN_UNDECLARED_SELECTOR = YES;
				GCC_WARN_UNINITIALIZED_AUTOS = YES_AGGRESSIVE;
				GCC_WARN_UNUSED_FUNCTION = YES;
				GCC_WARN_UNUSED_VARIABLE = YES;
				MACOSX_DEPLOYMENT_TARGET = 10.10;
				MTL_ENABLE_DEBUG_INFO = NO;
				SDKROOT = macosx;
			};
			name = Release;
		};
		C60E05B31B4ED1D800D27C26 /* Debug */ = {
			isa = XCBuildConfiguration;
			buildSettings = {
				ASSETCATALOG_COMPILER_APPICON_NAME = AppIcon;
				COMBINE_HIDPI_IMAGES = YES;
				INFOPLIST_FILE = ChromeCookieCleaner/Info.plist;
				LD_RUNPATH_SEARCH_PATHS = "$(inherited) @executable_path/../Frameworks";
				MACOSX_DEPLOYMENT_TARGET = 10.7;
				PRODUCT_NAME = "$(TARGET_NAME)";
			};
			name = Debug;
		};
		C60E05B41B4ED1D800D27C26 /* Release */ = {
			isa = XCBuildConfiguration;
			buildSettings = {
				ASSETCATALOG_COMPILER_APPICON_NAME = AppIcon;
				COMBINE_HIDPI_IMAGES = YES;
				INFOPLIST_FILE = ChromeCookieCleaner/Info.plist;
				LD_RUNPATH_SEARCH_PATHS = "$(inherited) @executable_path/../Frameworks";
				MACOSX_DEPLOYMENT_TARGET = 10.7;
				PRODUCT_NAME = "$(TARGET_NAME)";
			};
			name = Release;
		};
		C60E05B61B4ED1D800D27C26 /* Debug */ = {
			isa = XCBuildConfiguration;
			buildSettings = {
				BUNDLE_LOADER = "$(TEST_HOST)";
				COMBINE_HIDPI_IMAGES = YES;
				FRAMEWORK_SEARCH_PATHS = (
					"$(DEVELOPER_FRAMEWORKS_DIR)",
					"$(inherited)",
				);
				GCC_PREPROCESSOR_DEFINITIONS = (
					"DEBUG=1",
					"$(inherited)",
				);
				INFOPLIST_FILE = ChromeCookieCleanerTests/Info.plist;
				LD_RUNPATH_SEARCH_PATHS = "$(inherited) @executable_path/../Frameworks @loader_path/../Frameworks";
				PRODUCT_NAME = "$(TARGET_NAME)";
				TEST_HOST = "$(BUILT_PRODUCTS_DIR)/ChromeCookieCleaner.app/Contents/MacOS/ChromeCookieCleaner";
			};
			name = Debug;
		};
		C60E05B71B4ED1D800D27C26 /* Release */ = {
			isa = XCBuildConfiguration;
			buildSettings = {
				BUNDLE_LOADER = "$(TEST_HOST)";
				COMBINE_HIDPI_IMAGES = YES;
				FRAMEWORK_SEARCH_PATHS = (
					"$(DEVELOPER_FRAMEWORKS_DIR)",
					"$(inherited)",
				);
				INFOPLIST_FILE = ChromeCookieCleanerTests/Info.plist;
				LD_RUNPATH_SEARCH_PATHS = "$(inherited) @executable_path/../Frameworks @loader_path/../Frameworks";
				PRODUCT_NAME = "$(TARGET_NAME)";
				TEST_HOST = "$(BUILT_PRODUCTS_DIR)/ChromeCookieCleaner.app/Contents/MacOS/ChromeCookieCleaner";
			};
			name = Release;
		};
/* End XCBuildConfiguration section */

/* Begin XCConfigurationList section */
		C60E05901B4ED1D800D27C26 /* Build configuration list for PBXProject "ChromeCookieCleaner" */ = {
			isa = XCConfigurationList;
			buildConfigurations = (
				C60E05B01B4ED1D800D27C26 /* Debug */,
				C60E05B11B4ED1D800D27C26 /* Release */,
			);
			defaultConfigurationIsVisible = 0;
			defaultConfigurationName = Release;
		};
		C60E05B21B4ED1D800D27C26 /* Build configuration list for PBXNativeTarget "ChromeCookieCleaner" */ = {
			isa = XCConfigurationList;
			buildConfigurations = (
				C60E05B31B4ED1D800D27C26 /* Debug */,
				C60E05B41B4ED1D800D27C26 /* Release */,
			);
			defaultConfigurationIsVisible = 0;
			defaultConfigurationName = Release;
		};
		C60E05B51B4ED1D800D27C26 /* Build configuration list for PBXNativeTarget "ChromeCookieCleanerTests" */ = {
			isa = XCConfigurationList;
			buildConfigurations = (
				C60E05B61B4ED1D800D27C26 /* Debug */,
				C60E05B71B4ED1D800D27C26 /* Release */,
			);
			defaultConfigurationIsVisible = 0;
			defaultConfigurationName = Release;
		};
/* End XCConfigurationList section */
	};
	rootObject = C60E058D1B4ED1D800D27C26 /* Project object */;
}
